
Microsoft Visual Studio Solution File, Format Version 12.00
# Visual Studio Version 17
VisualStudioVersion = 17.13.35828.75 d17.13
MinimumVisualStudioVersion = 10.0.40219.1
Project("{FAE04EC0-301F-11D3-BF4B-00C04F79EFBC}") = "FormulasApp", "FormulasApp\FormulasApp.csproj", "{EDDA3FED-91AF-4A02-A14A-5F32E98A8DD3}"
EndProject
Global
	GlobalSection(SolutionConfigurationPlatforms) = preSolution
		Debug|Any CPU = Debug|Any CPU
		Release|Any CPU = Release|Any CPU
	EndGlobalSection
	GlobalSection(ProjectConfigurationPlatforms) = postSolution
		{EDDA3FED-91AF-4A02-A14A-5F32E98A8DD3}.Debug|Any CPU.ActiveCfg = Debug|Any CPU
		{EDDA3FED-91AF-4A02-A14A-5F32E98A8DD3}.Debug|Any CPU.Build.0 = Debug|Any CPU
		{EDDA3FED-91AF-4A02-A14A-5F32E98A8DD3}.Release|Any CPU.ActiveCfg = Release|Any CPU
		{EDDA3FED-91AF-4A02-A14A-5F32E98A8DD3}.Release|Any CPU.Build.0 = Release|Any CPU
	EndGlobalSection
	GlobalSection(SolutionProperties) = preSolution
		HideSolutionNode = FALSE
	EndGlobalSection
	GlobalSection(ExtensibilityGlobals) = postSolution
		SolutionGuid = {5E67B7AB-A07F-413E-8B04-47C4AC1EC1C1}
	EndGlobalSection
EndGlobal
